// !$*UTF8*$!
{
	archiveVersion = 1;
	classes = {
	};
	objectVersion = 50;
	objects = {

/* Begin PBXBuildFile section */
		48DF84942189FAA400920FFD /* AppDelegate.swift in Sources */ = {isa = PBXBuildFile; fileRef = 48DF84932189FAA400920FFD /* AppDelegate.swift */; };
		48DF84962189FAA400920FFD /* ViewController.swift in Sources */ = {isa = PBXBuildFile; fileRef = 48DF84952189FAA400920FFD /* ViewController.swift */; };
		48DF84992189FAA400920FFD /* Main.storyboard in Resources */ = {isa = PBXBuildFile; fileRef = 48DF84972189FAA400920FFD /* Main.storyboard */; };
		48DF849B2189FAA700920FFD /* Assets.xcassets in Resources */ = {isa = PBXBuildFile; fileRef = 48DF849A2189FAA700920FFD /* Assets.xcassets */; };
		48DF849E2189FAA700920FFD /* LaunchScreen.storyboard in Resources */ = {isa = PBXBuildFile; fileRef = 48DF849C2189FAA700920FFD /* LaunchScreen.storyboard */; };
		48DF84A6218B978600920FFD /* SwipeController.swift in Sources */ = {isa = PBXBuildFile; fileRef = 48DF84A5218B978600920FFD /* SwipeController.swift */; };
		48DF84A8218B9BC700920FFD /* PageCell.swift in Sources */ = {isa = PBXBuildFile; fileRef = 48DF84A7218B9BC700920FFD /* PageCell.swift */; };
/* End PBXBuildFile section */

/* Begin PBXFileReference section */
		48DF84902189FAA400920FFD /* walktrouogh.app */ = {isa = PBXFileReference; explicitFileType = wrapper.application; includeInIndex = 0; path = walktrouogh.app; sourceTree = BUILT_PRODUCTS_DIR; };
		48DF84932189FAA400920FFD /* AppDelegate.swift */ = {isa = PBXFileReference; lastKnownFileType = sourcecode.swift; path = AppDelegate.swift; sourceTree = "<group>"; };
		48DF84952189FAA400920FFD /* ViewController.swift */ = {isa = PBXFileReference; lastKnownFileType = sourcecode.swift; path = ViewController.swift; sourceTree = "<group>"; };
		48DF84982189FAA400920FFD /* Base */ = {isa = PBXFileReference; lastKnownFileType = file.storyboard; name = Base; path = Base.lproj/Main.storyboard; sourceTree = "<group>"; };
		48DF849A2189FAA700920FFD /* Assets.xcassets */ = {isa = PBXFileReference; lastKnownFileType = folder.assetcatalog; path = Assets.xcassets; sourceTree = "<group>"; };
		48DF849D2189FAA700920FFD /* Base */ = {isa = PBXFileReference; lastKnownFileType = file.storyboard; name = Base; path = Base.lproj/LaunchScreen.storyboard; sourceTree = "<group>"; };
		48DF849F2189FAA700920FFD /* Info.plist */ = {isa = PBXFileReference; lastKnownFileType = text.plist.xml; path = Info.plist; sourceTree = "<group>"; };
		48DF84A5218B978600920FFD /* SwipeController.swift */ = {isa = PBXFileReference; lastKnownFileType = sourcecode.swift; path = SwipeController.swift; sourceTree = "<group>"; };
		48DF84A7218B9BC700920FFD /* PageCell.swift */ = {isa = PBXFileReference; lastKnownFileType = sourcecode.swift; path = PageCell.swift; sourceTree = "<group>"; };
/* End PBXFileReference section */

/* Begin PBXFrameworksBuildPhase section */
		48DF848D2189FAA400920FFD /* Frameworks */ = {
			isa = PBXFrameworksBuildPhase;
			buildActionMask = 2147483647;
			files = (
			);
			runOnlyForDeploymentPostprocessing = 0;
		};
/* End PBXFrameworksBuildPhase section */

/* Begin PBXGroup section */
		48DF84872189FAA400920FFD = {
			isa = PBXGroup;
			children = (
				48DF84922189FAA400920FFD /* walktrouogh */,
				48DF84912189FAA400920FFD /* Products */,
			);
			sourceTree = "<group>";
		};
		48DF84912189FAA400920FFD /* Products */ = {
			isa = PBXGroup;
			children = (
				48DF84902189FAA400920FFD /* walktrouogh.app */,
			);
			name = Products;
			sourceTree = "<group>";
		};
		48DF84922189FAA400920FFD /* walktrouogh */ = {
			isa = PBXGroup;
			children = (
				48DF84932189FAA400920FFD /* AppDelegate.swift */,
				48DF84952189FAA400920FFD /* ViewController.swift */,
				48DF84A7218B9BC700920FFD /* PageCell.swift */,
				48DF84A5218B978600920FFD /* SwipeController.swift */,
				48DF84972189FAA400920FFD /* Main.storyboard */,
				48DF849A2189FAA700920FFD /* Assets.xcassets */,
				48DF849C2189FAA700920FFD /* LaunchScreen.storyboard */,
				48DF849F2189FAA700920FFD /* Info.plist */,
			);
			path = walktrouogh;
			sourceTree = "<group>";
		};
/* End PBXGroup section */

/* Begin PBXNativeTarget section */
		48DF848F2189FAA400920FFD /* walktrouogh */ = {
			isa = PBXNativeTarget;
			buildConfigurationList = 48DF84A22189FAA700920FFD /* Build configuration list for PBXNativeTarget "walktrouogh" */;
			buildPhases = (
				48DF848C2189FAA400920FFD /* Sources */,
				48DF848D2189FAA400920FFD /* Frameworks */,
				48DF848E2189FAA400920FFD /* Resources */,
			);
			buildRules = (
			);
			dependencies = (
			);
			name = walktrouogh;
			productName = walktrouogh;
			productReference = 48DF84902189FAA400920FFD /* walktrouogh.app */;
			productType = "com.apple.product-type.application";
		};
/* End PBXNativeTarget section */

/* Begin PBXProject section */
		48DF84882189FAA400920FFD /* Project object */ = {
			isa = PBXProject;
			attributes = {
				LastSwiftUpdateCheck = 1000;
				LastUpgradeCheck = 1000;
				ORGANIZATIONNAME = plutus;
				TargetAttributes = {
					48DF848F2189FAA400920FFD = {
						CreatedOnToolsVersion = 10.0;
					};
				};
			};
			buildConfigurationList = 48DF848B2189FAA400920FFD /* Build configuration list for PBXProject "walktrouogh" */;
			compatibilityVersion = "Xcode 9.3";
			developmentRegion = en;
			hasScannedForEncodings = 0;
			knownRegions = (
				en,
				Base,
			);
			mainGroup = 48DF84872189FAA400920FFD;
			productRefGroup = 48DF84912189FAA400920FFD /* Products */;
			projectDirPath = "";
			projectRoot = "";
			targets = (
				48DF848F2189FAA400920FFD /* walktrouogh */,
			);
		};
/* End PBXProject section */

/* Begin PBXResourcesBuildPhase section */
		48DF848E2189FAA400920FFD /* Resources */ = {
			isa = PBXResourcesBuildPhase;
			buildActionMask = 2147483647;
			files = (
				48DF849E2189FAA700920FFD /* LaunchScreen.storyboard in Resources */,
				48DF849B2189FAA700920FFD /* Assets.xcassets in Resources */,
				48DF84992189FAA400920FFD /* Main.storyboard in Resources */,
			);
			runOnlyForDeploymentPostprocessing = 0;
		};
/* End PBXResourcesBuildPhase section */

/* Begin PBXSourcesBuildPhase section */
		48DF848C2189FAA400920FFD /* Sources */ = {
			isa = PBXSourcesBuildPhase;
			buildActionMask = 2147483647;
			files = (
				48DF84962189FAA400920FFD /* ViewController.swift in Sources */,
				48DF84942189FAA400920FFD /* AppDelegate.swift in Sources */,
				48DF84A8218B9BC700920FFD /* PageCell.swift in Sources */,
				48DF84A6218B978600920FFD /* SwipeController.swift in Sources */,
			);
			runOnlyForDeploymentPostprocessing = 0;
		};
/* End PBXSourcesBuildPhase section */

/* Begin PBXVariantGroup section */
		48DF84972189FAA400920FFD /* Main.storyboard */ = {
			isa = PBXVariantGroup;
			children = (
				48DF84982189FAA400920FFD /* Base */,
			);
			name = Main.storyboard;
			sourceTree = "<group>";
		};
		48DF849C2189FAA700920FFD /* LaunchScreen.storyboard */ = {
			isa = PBXVariantGroup;
			children = (
				48DF849D2189FAA700920FFD /* Base */,
			);
			name = LaunchScreen.storyboard;
			sourceTree = "<group>";
		};
/* End PBXVariantGroup section */

/* Begin XCBuildConfiguration section */
		48DF84A02189FAA700920FFD /* Debug */ = {
			isa = XCBuildConfiguration;
			buildSettings = {
				ALWAYS_SEARCH_USER_PATHS = NO;
				CLANG_ANALYZER_NONNULL = YES;
				CLANG_ANALYZER_NUMBER_OBJECT_CONVERSION = YES_AGGRESSIVE;
				CLANG_CXX_LANGUAGE_STANDARD = "gnu++14";
				CLANG_CXX_LIBRARY = "libc++";
				CLANG_ENABLE_MODULES = YES;
				CLANG_ENABLE_OBJC_ARC = YES;
				CLANG_ENABLE_OBJC_WEAK = YES;
				CLANG_WARN_BLOCK_CAPTURE_AUTORELEASING = YES;
				CLANG_WARN_BOOL_CONVERSION = YES;
				CLANG_WARN_COMMA = YES;
				CLANG_WARN_CONSTANT_CONVERSION = YES;
				CLANG_WARN_DEPRECATED_OBJC_IMPLEMENTATIONS = YES;
				CLANG_WARN_DIRECT_OBJC_ISA_USAGE = YES_ERROR;
				CLANG_WARN_DOCUMENTATION_COMMENTS = YES;
				CLANG_WARN_EMPTY_BODY = YES;
				CLANG_WARN_ENUM_CONVERSION = YES;
				CLANG_WARN_INFINITE_RECURSION = YES;
				CLANG_WARN_INT_CONVERSION = YES;
				CLANG_WARN_NON_LITERAL_NULL_CONVERSION = YES;
				CLANG_WARN_OBJC_IMPLICIT_RETAIN_SELF = YES;
				CLANG_WARN_OBJC_LITERAL_CONVERSION = YES;
				CLANG_WARN_OBJC_ROOT_CLASS = YES_ERROR;
				CLANG_WARN_RANGE_LOOP_ANALYSIS = YES;
				CLANG_WARN_STRICT_PROTOTYPES = YES;
				CLANG_WARN_SUSPICIOUS_MOVE = YES;
				CLANG_WARN_UNGUARDED_AVAILABILITY = YES_AGGRESSIVE;
				CLANG_WARN_UNREACHABLE_CODE = YES;
				CLANG_WARN__DUPLICATE_METHOD_MATCH = YES;
				CODE_SIGN_IDENTITY = "iPhone Developer";
				COPY_PHASE_STRIP = NO;
				DEBUG_INFORMATION_FORMAT = dwarf;
				ENABLE_STRICT_OBJC_MSGSEND = YES;
				ENABLE_TESTABILITY = YES;
				GCC_C_LANGUAGE_STANDARD = gnu11;
				GCC_DYNAMIC_NO_PIC = NO;
				GCC_NO_COMMON_BLOCKS = YES;
				GCC_OPTIMIZATION_LEVEL = 0;
				GCC_PREPROCESSOR_DEFINITIONS = (
					"DEBUG=1",
					"$(inherited)",
				);
				GCC_WARN_64_TO_32_BIT_CONVERSION = YES;
				GCC_WARN_ABOUT_RETURN_TYPE = YES_ERROR;
				GCC_WARN_UNDECLARED_SELECTOR = YES;
				GCC_WARN_UNINITIALIZED_AUTOS = YES_AGGRESSIVE;
				GCC_WARN_UNUSED_FUNCTION = YES;
				GCC_WARN_UNUSED_VARIABLE = YES;
				IPHONEOS_DEPLOYMENT_TARGET = 12.0;
				MTL_ENABLE_DEBUG_INFO = INCLUDE_SOURCE;
				MTL_FAST_MATH = YES;
				ONLY_ACTIVE_ARCH = YES;
				SDKROOT = iphoneos;
				SWIFT_ACTIVE_COMPILATION_CONDITIONS = DEBUG;
				SWIFT_OPTIMIZATION_LEVEL = "-Onone";
			};
			name = Debug;
		};
		48DF84A12189FAA700920FFD /* Release */ = {
			isa = XCBuildConfiguration;
			buildSettings = {
				ALWAYS_SEARCH_USER_PATHS = NO;
				CLANG_ANALYZER_NONNULL = YES;
				CLANG_ANALYZER_NUMBER_OBJECT_CONVERSION = YES_AGGRESSIVE;
				CLANG_CXX_LANGUAGE_STANDARD = "gnu++14";
				CLANG_CXX_LIBRARY = "libc++";
				CLANG_ENABLE_MODULES = YES;
				CLANG_ENABLE_OBJC_ARC = YES;
				CLANG_ENABLE_OBJC_WEAK = YES;
				CLANG_WARN_BLOCK_CAPTURE_AUTORELEASING = YES;
				CLANG_WARN_BOOL_CONVERSION = YES;
				CLANG_WARN_COMMA = YES;
				CLANG_WARN_CONSTANT_CONVERSION = YES;
				CLANG_WARN_DEPRECATED_OBJC_IMPLEMENTATIONS = YES;
				CLANG_WARN_DIRECT_OBJC_ISA_USAGE = YES_ERROR;
				CLANG_WARN_DOCUMENTATION_COMMENTS = YES;
				CLANG_WARN_EMPTY_BODY = YES;
				CLANG_WARN_ENUM_CONVERSION = YES;
				CLANG_WARN_INFINITE_RECURSION = YES;
				CLANG_WARN_INT_CONVERSION = YES;
				CLANG_WARN_NON_LITERAL_NULL_CONVERSION = YES;
				CLANG_WARN_OBJC_IMPLICIT_RETAIN_SELF = YES;
				CLANG_WARN_OBJC_LITERAL_CONVERSION = YES;
				CLANG_WARN_OBJC_ROOT_CLASS = YES_ERROR;
				CLANG_WARN_RANGE_LOOP_ANALYSIS = YES;
				CLANG_WARN_STRICT_PROTOTYPES = YES;
				CLANG_WARN_SUSPICIOUS_MOVE = YES;
				CLANG_WARN_UNGUARDED_AVAILABILITY = YES_AGGRESSIVE;
				CLANG_WARN_UNREACHABLE_CODE = YES;
				CLANG_WARN__DUPLICATE_METHOD_MATCH = YES;
				CODE_SIGN_IDENTITY = "iPhone Developer";
				COPY_PHASE_STRIP = NO;
				DEBUG_INFORMATION_FORMAT = "dwarf-with-dsym";
				ENABLE_NS_ASSERTIONS = NO;
				ENABLE_STRICT_OBJC_MSGSEND = YES;
				GCC_C_LANGUAGE_STANDARD = gnu11;
				GCC_NO_COMMON_BLOCKS = YES;
				GCC_WARN_64_TO_32_BIT_CONVERSION = YES;
				GCC_WARN_ABOUT_RETURN_TYPE = YES_ERROR;
				GCC_WARN_UNDECLARED_SELECTOR = YES;
				GCC_WARN_UNINITIALIZED_AUTOS = YES_AGGRESSIVE;
				GCC_WARN_UNUSED_FUNCTION = YES;
				GCC_WARN_UNUSED_VARIABLE = YES;
				IPHONEOS_DEPLOYMENT_TARGET = 12.0;
				MTL_ENABLE_DEBUG_INFO = NO;
				MTL_FAST_MATH = YES;
				SDKROOT = iphoneos;
				SWIFT_COMPILATION_MODE = wholemodule;
				SWIFT_OPTIMIZATION_LEVEL = "-O";
				VALIDATE_PRODUCT = YES;
			};
			name = Release;
		};
		48DF84A32189FAA700920FFD /* Debug */ = {
			isa = XCBuildConfiguration;
			buildSettings = {
				ASSETCATALOG_COMPILER_APPICON_NAME = AppIcon;
				CODE_SIGN_STYLE = Automatic;
				INFOPLIST_FILE = walktrouogh/Info.plist;
				LD_RUNPATH_SEARCH_PATHS = (
					"$(inherited)",
					"@executable_path/Frameworks",
				);
				PRODUCT_BUNDLE_IDENTIFIER = com.malouane.walktrouogh;
				PRODUCT_NAME = "$(TARGET_NAME)";
				SWIFT_VERSION = 4.2;
				TARGETED_DEVICE_FAMILY = "1,2";
			};
			name = Debug;
		};
		48DF84A42189FAA700920FFD /* Release */ = {
			isa = XCBuildConfiguration;
			buildSettings = {
				ASSETCATALOG_COMPILER_APPICON_NAME = AppIcon;
				CODE_SIGN_STYLE = Automatic;
				INFOPLIST_FILE = walktrouogh/Info.plist;
				LD_RUNPATH_SEARCH_PATHS = (
					"$(inherited)",
					"@executable_path/Frameworks",
				);
				PRODUCT_BUNDLE_IDENTIFIER = com.malouane.walktrouogh;
				PRODUCT_NAME = "$(TARGET_NAME)";
				SWIFT_VERSION = 4.2;
				TARGETED_DEVICE_FAMILY = "1,2";
			};
			name = Release;
		};
/* End XCBuildConfiguration section */

/* Begin XCConfigurationList section */
		48DF848B2189FAA400920FFD /* Build configuration list for PBXProject "walktrouogh" */ = {
			isa = XCConfigurationList;
			buildConfigurations = (
				48DF84A02189FAA700920FFD /* Debug */,
				48DF84A12189FAA700920FFD /* Release */,
			);
			defaultConfigurationIsVisible = 0;
			defaultConfigurationName = Release;
		};
		48DF84A22189FAA700920FFD /* Build configuration list for PBXNativeTarget "walktrouogh" */ = {
			isa = XCConfigurationList;
			buildConfigurations = (
				48DF84A32189FAA700920FFD /* Debug */,
				48DF84A42189FAA700920FFD /* Release */,
			);
			defaultConfigurationIsVisible = 0;
			defaultConfigurationName = Release;
		};
/* End XCConfigurationList section */
	};
	rootObject = 48DF84882189FAA400920FFD /* Project object */;
}
